// !$*UTF8*$!
{
	archiveVersion = 1;
	classes = {
	};
	objectVersion = 46;
	objects = {

/* Begin PBXBuildFile section */
		843399AC1C110802008E90A7 /* AppDelegate.swift in Sources */ = {isa = PBXBuildFile; fileRef = 843399AB1C110802008E90A7 /* AppDelegate.swift */; };
		843399AE1C110802008E90A7 /* ViewController.swift in Sources */ = {isa = PBXBuildFile; fileRef = 843399AD1C110802008E90A7 /* ViewController.swift */; };
		843399B11C110802008E90A7 /* Main.storyboard in Resources */ = {isa = PBXBuildFile; fileRef = 843399AF1C110802008E90A7 /* Main.storyboard */; };
		843399B31C110802008E90A7 /* Assets.xcassets in Resources */ = {isa = PBXBuildFile; fileRef = 843399B21C110802008E90A7 /* Assets.xcassets */; };
		843399B61C110802008E90A7 /* LaunchScreen.storyboard in Resources */ = {isa = PBXBuildFile; fileRef = 843399B41C110802008E90A7 /* LaunchScreen.storyboard */; };
		843399C11C110802008E90A7 /* Project4_HackingWithSwiftTests.swift in Sources */ = {isa = PBXBuildFile; fileRef = 843399C01C110802008E90A7 /* Project4_HackingWithSwiftTests.swift */; };
		843399CC1C110802008E90A7 /* Project4_HackingWithSwiftUITests.swift in Sources */ = {isa = PBXBuildFile; fileRef = 843399CB1C110802008E90A7 /* Project4_HackingWithSwiftUITests.swift */; };
/* End PBXBuildFile section */

/* Begin PBXContainerItemProxy section */
		843399BD1C110802008E90A7 /* PBXContainerItemProxy */ = {
			isa = PBXContainerItemProxy;
			containerPortal = 843399A01C110802008E90A7 /* Project object */;
			proxyType = 1;
			remoteGlobalIDString = 843399A71C110802008E90A7;
			remoteInfo = "Project4-HackingWithSwift";
		};
		843399C81C110802008E90A7 /* PBXContainerItemProxy */ = {
			isa = PBXContainerItemProxy;
			containerPortal = 843399A01C110802008E90A7 /* Project object */;
			proxyType = 1;
			remoteGlobalIDString = 843399A71C110802008E90A7;
			remoteInfo = "Project4-HackingWithSwift";
		};
/* End PBXContainerItemProxy section */

/* Begin PBXFileReference section */
		843399A81C110802008E90A7 /* Project4-HackingWithSwift.app */ = {isa = PBXFileReference; explicitFileType = wrapper.application; includeInIndex = 0; path = "Project4-HackingWithSwift.app"; sourceTree = BUILT_PRODUCTS_DIR; };
		843399AB1C110802008E90A7 /* AppDelegate.swift */ = {isa = PBXFileReference; lastKnownFileType = sourcecode.swift; path = AppDelegate.swift; sourceTree = "<group>"; };
		843399AD1C110802008E90A7 /* ViewController.swift */ = {isa = PBXFileReference; lastKnownFileType = sourcecode.swift; path = ViewController.swift; sourceTree = "<group>"; };
		843399B01C110802008E90A7 /* Base */ = {isa = PBXFileReference; lastKnownFileType = file.storyboard; name = Base; path = Base.lproj/Main.storyboard; sourceTree = "<group>"; };
		843399B21C110802008E90A7 /* Assets.xcassets */ = {isa = PBXFileReference; lastKnownFileType = folder.assetcatalog; path = Assets.xcassets; sourceTree = "<group>"; };
		843399B51C110802008E90A7 /* Base */ = {isa = PBXFileReference; lastKnownFileType = file.storyboard; name = Base; path = Base.lproj/LaunchScreen.storyboard; sourceTree = "<group>"; };
		843399B71C110802008E90A7 /* Info.plist */ = {isa = PBXFileReference; lastKnownFileType = text.plist.xml; path = Info.plist; sourceTree = "<group>"; };
		843399BC1C110802008E90A7 /* Project4-HackingWithSwiftTests.xctest */ = {isa = PBXFileReference; explicitFileType = wrapper.cfbundle; includeInIndex = 0; path = "Project4-HackingWithSwiftTests.xctest"; sourceTree = BUILT_PRODUCTS_DIR; };
		843399C01C110802008E90A7 /* Project4_HackingWithSwiftTests.swift */ = {isa = PBXFileReference; lastKnownFileType = sourcecode.swift; path = Project4_HackingWithSwiftTests.swift; sourceTree = "<group>"; };
		843399C21C110802008E90A7 /* Info.plist */ = {isa = PBXFileReference; lastKnownFileType = text.plist.xml; path = Info.plist; sourceTree = "<group>"; };
		843399C71C110802008E90A7 /* Project4-HackingWithSwiftUITests.xctest */ = {isa = PBXFileReference; explicitFileType = wrapper.cfbundle; includeInIndex = 0; path = "Project4-HackingWithSwiftUITests.xctest"; sourceTree = BUILT_PRODUCTS_DIR; };
		843399CB1C110802008E90A7 /* Project4_HackingWithSwiftUITests.swift */ = {isa = PBXFileReference; lastKnownFileType = sourcecode.swift; path = Project4_HackingWithSwiftUITests.swift; sourceTree = "<group>"; };
		843399CD1C110802008E90A7 /* Info.plist */ = {isa = PBXFileReference; lastKnownFileType = text.plist.xml; path = Info.plist; sourceTree = "<group>"; };
/* End PBXFileReference section */

/* Begin PBXFrameworksBuildPhase section */
		843399A51C110802008E90A7 /* Frameworks */ = {
			isa = PBXFrameworksBuildPhase;
			buildActionMask = 2147483647;
			files = (
			);
			runOnlyForDeploymentPostprocessing = 0;
		};
		843399B91C110802008E90A7 /* Frameworks */ = {
			isa = PBXFrameworksBuildPhase;
			buildActionMask = 2147483647;
			files = (
			);
			runOnlyForDeploymentPostprocessing = 0;
		};
		843399C41C110802008E90A7 /* Frameworks */ = {
			isa = PBXFrameworksBuildPhase;
			buildActionMask = 2147483647;
			files = (
			);
			runOnlyForDeploymentPostprocessing = 0;
		};
/* End PBXFrameworksBuildPhase section */

/* Begin PBXGroup section */
		8433999F1C110802008E90A7 = {
			isa = PBXGroup;
			children = (
				843399AA1C110802008E90A7 /* Project4-HackingWithSwift */,
				843399BF1C110802008E90A7 /* Project4-HackingWithSwiftTests */,
				843399CA1C110802008E90A7 /* Project4-HackingWithSwiftUITests */,
				843399A91C110802008E90A7 /* Products */,
			);
			sourceTree = "<group>";
		};
		843399A91C110802008E90A7 /* Products */ = {
			isa = PBXGroup;
			children = (
				843399A81C110802008E90A7 /* Project4-HackingWithSwift.app */,
				843399BC1C110802008E90A7 /* Project4-HackingWithSwiftTests.xctest */,
				843399C71C110802008E90A7 /* Project4-HackingWithSwiftUITests.xctest */,
			);
			name = Products;
			sourceTree = "<group>";
		};
		843399AA1C110802008E90A7 /* Project4-HackingWithSwift */ = {
			isa = PBXGroup;
			children = (
				843399AB1C110802008E90A7 /* AppDelegate.swift */,
				843399AD1C110802008E90A7 /* ViewController.swift */,
				843399AF1C110802008E90A7 /* Main.storyboard */,
				843399B21C110802008E90A7 /* Assets.xcassets */,
				843399B41C110802008E90A7 /* LaunchScreen.storyboard */,
				843399B71C110802008E90A7 /* Info.plist */,
			);
			path = "Project4-HackingWithSwift";
			sourceTree = "<group>";
		};
		843399BF1C110802008E90A7 /* Project4-HackingWithSwiftTests */ = {
			isa = PBXGroup;
			children = (
				843399C01C110802008E90A7 /* Project4_HackingWithSwiftTests.swift */,
				843399C21C110802008E90A7 /* Info.plist */,
			);
			path = "Project4-HackingWithSwiftTests";
			sourceTree = "<group>";
		};
		843399CA1C110802008E90A7 /* Project4-HackingWithSwiftUITests */ = {
			isa = PBXGroup;
			children = (
				843399CB1C110802008E90A7 /* Project4_HackingWithSwiftUITests.swift */,
				843399CD1C110802008E90A7 /* Info.plist */,
			);
			path = "Project4-HackingWithSwiftUITests";
			sourceTree = "<group>";
		};
/* End PBXGroup section */

/* Begin PBXNativeTarget section */
		843399A71C110802008E90A7 /* Project4-HackingWithSwift */ = {
			isa = PBXNativeTarget;
			buildConfigurationList = 843399D01C110802008E90A7 /* Build configuration list for PBXNativeTarget "Project4-HackingWithSwift" */;
			buildPhases = (
				843399A41C110802008E90A7 /* Sources */,
				843399A51C110802008E90A7 /* Frameworks */,
				843399A61C110802008E90A7 /* Resources */,
			);
			buildRules = (
			);
			dependencies = (
			);
			name = "Project4-HackingWithSwift";
			productName = "Project4-HackingWithSwift";
			productReference = 843399A81C110802008E90A7 /* Project4-HackingWithSwift.app */;
			productType = "com.apple.product-type.application";
		};
		843399BB1C110802008E90A7 /* Project4-HackingWithSwiftTests */ = {
			isa = PBXNativeTarget;
			buildConfigurationList = 843399D31C110802008E90A7 /* Build configuration list for PBXNativeTarget "Project4-HackingWithSwiftTests" */;
			buildPhases = (
				843399B81C110802008E90A7 /* Sources */,
				843399B91C110802008E90A7 /* Frameworks */,
				843399BA1C110802008E90A7 /* Resources */,
			);
			buildRules = (
			);
			dependencies = (
				843399BE1C110802008E90A7 /* PBXTargetDependency */,
			);
			name = "Project4-HackingWithSwiftTests";
			productName = "Project4-HackingWithSwiftTests";
			productReference = 843399BC1C110802008E90A7 /* Project4-HackingWithSwiftTests.xctest */;
			productType = "com.apple.product-type.bundle.unit-test";
		};
		843399C61C110802008E90A7 /* Project4-HackingWithSwiftUITests */ = {
			isa = PBXNativeTarget;
			buildConfigurationList = 843399D61C110802008E90A7 /* Build configuration list for PBXNativeTarget "Project4-HackingWithSwiftUITests" */;
			buildPhases = (
				843399C31C110802008E90A7 /* Sources */,
				843399C41C110802008E90A7 /* Frameworks */,
				843399C51C110802008E90A7 /* Resources */,
			);
			buildRules = (
			);
			dependencies = (
				843399C91C110802008E90A7 /* PBXTargetDependency */,
			);
			name = "Project4-HackingWithSwiftUITests";
			productName = "Project4-HackingWithSwiftUITests";
			productReference = 843399C71C110802008E90A7 /* Project4-HackingWithSwiftUITests.xctest */;
			productType = "com.apple.product-type.bundle.ui-testing";
		};
/* End PBXNativeTarget section */

/* Begin PBXProject section */
		843399A01C110802008E90A7 /* Project object */ = {
			isa = PBXProject;
			attributes = {
				LastSwiftUpdateCheck = 0710;
				LastUpgradeCheck = 0710;
				ORGANIZATIONNAME = prestonwprice;
				TargetAttributes = {
					843399A71C110802008E90A7 = {
						CreatedOnToolsVersion = 7.1.1;
					};
					843399BB1C110802008E90A7 = {
						CreatedOnToolsVersion = 7.1.1;
						TestTargetID = 843399A71C110802008E90A7;
					};
					843399C61C110802008E90A7 = {
						CreatedOnToolsVersion = 7.1.1;
						TestTargetID = 843399A71C110802008E90A7;
					};
				};
			};
			buildConfigurationList = 843399A31C110802008E90A7 /* Build configuration list for PBXProject "Project4-HackingWithSwift" */;
			compatibilityVersion = "Xcode 3.2";
			developmentRegion = English;
			hasScannedForEncodings = 0;
			knownRegions = (
				en,
				Base,
			);
			mainGroup = 8433999F1C110802008E90A7;
			productRefGroup = 843399A91C110802008E90A7 /* Products */;
			projectDirPath = "";
			projectRoot = "";
			targets = (
				843399A71C110802008E90A7 /* Project4-HackingWithSwift */,
				843399BB1C110802008E90A7 /* Project4-HackingWithSwiftTests */,
				843399C61C110802008E90A7 /* Project4-HackingWithSwiftUITests */,
			);
		};
/* End PBXProject section */

/* Begin PBXResourcesBuildPhase section */
		843399A61C110802008E90A7 /* Resources */ = {
			isa = PBXResourcesBuildPhase;
			buildActionMask = 2147483647;
			files = (
				843399B61C110802008E90A7 /* LaunchScreen.storyboard in Resources */,
				843399B31C110802008E90A7 /* Assets.xcassets in Resources */,
				843399B11C110802008E90A7 /* Main.storyboard in Resources */,
			);
			runOnlyForDeploymentPostprocessing = 0;
		};
		843399BA1C110802008E90A7 /* Resources */ = {
			isa = PBXResourcesBuildPhase;
			buildActionMask = 2147483647;
			files = (
			);
			runOnlyForDeploymentPostprocessing = 0;
		};
		843399C51C110802008E90A7 /* Resources */ = {
			isa = PBXResourcesBuildPhase;
			buildActionMask = 2147483647;
			files = (
			);
			runOnlyForDeploymentPostprocessing = 0;
		};
/* End PBXResourcesBuildPhase section */

/* Begin PBXSourcesBuildPhase section */
		843399A41C110802008E90A7 /* Sources */ = {
			isa = PBXSourcesBuildPhase;
			buildActionMask = 2147483647;
			files = (
				843399AE1C110802008E90A7 /* ViewController.swift in Sources */,
				843399AC1C110802008E90A7 /* AppDelegate.swift in Sources */,
			);
			runOnlyForDeploymentPostprocessing = 0;
		};
		843399B81C110802008E90A7 /* Sources */ = {
			isa = PBXSourcesBuildPhase;
			buildActionMask = 2147483647;
			files = (
				843399C11C110802008E90A7 /* Project4_HackingWithSwiftTests.swift in Sources */,
			);
			runOnlyForDeploymentPostprocessing = 0;
		};
		843399C31C110802008E90A7 /* Sources */ = {
			isa = PBXSourcesBuildPhase;
			buildActionMask = 2147483647;
			files = (
				843399CC1C110802008E90A7 /* Project4_HackingWithSwiftUITests.swift in Sources */,
			);
			runOnlyForDeploymentPostprocessing = 0;
		};
/* End PBXSourcesBuildPhase section */

/* Begin PBXTargetDependency section */
		843399BE1C110802008E90A7 /* PBXTargetDependency */ = {
			isa = PBXTargetDependency;
			target = 843399A71C110802008E90A7 /* Project4-HackingWithSwift */;
			targetProxy = 843399BD1C110802008E90A7 /* PBXContainerItemProxy */;
		};
		843399C91C110802008E90A7 /* PBXTargetDependency */ = {
			isa = PBXTargetDependency;
			target = 843399A71C110802008E90A7 /* Project4-HackingWithSwift */;
			targetProxy = 843399C81C110802008E90A7 /* PBXContainerItemProxy */;
		};
/* End PBXTargetDependency section */

/* Begin PBXVariantGroup section */
		843399AF1C110802008E90A7 /* Main.storyboard */ = {
			isa = PBXVariantGroup;
			children = (
				843399B01C110802008E90A7 /* Base */,
			);
			name = Main.storyboard;
			sourceTree = "<group>";
		};
		843399B41C110802008E90A7 /* LaunchScreen.storyboard */ = {
			isa = PBXVariantGroup;
			children = (
				843399B51C110802008E90A7 /* Base */,
			);
			name = LaunchScreen.storyboard;
			sourceTree = "<group>";
		};
/* End PBXVariantGroup section */

/* Begin XCBuildConfiguration section */
		843399CE1C110802008E90A7 /* Debug */ = {
			isa = XCBuildConfiguration;
			buildSettings = {
				ALWAYS_SEARCH_USER_PATHS = NO;
				CLANG_CXX_LANGUAGE_STANDARD = "gnu++0x";
				CLANG_CXX_LIBRARY = "libc++";
				CLANG_ENABLE_MODULES = YES;
				CLANG_ENABLE_OBJC_ARC = YES;
				CLANG_WARN_BOOL_CONVERSION = YES;
				CLANG_WARN_CONSTANT_CONVERSION = YES;
				CLANG_WARN_DIRECT_OBJC_ISA_USAGE = YES_ERROR;
				CLANG_WARN_EMPTY_BODY = YES;
				CLANG_WARN_ENUM_CONVERSION = YES;
				CLANG_WARN_INT_CONVERSION = YES;
				CLANG_WARN_OBJC_ROOT_CLASS = YES_ERROR;
				CLANG_WARN_UNREACHABLE_CODE = YES;
				CLANG_WARN__DUPLICATE_METHOD_MATCH = YES;
				"CODE_SIGN_IDENTITY[sdk=iphoneos*]" = "iPhone Developer";
				COPY_PHASE_STRIP = NO;
				DEBUG_INFORMATION_FORMAT = dwarf;
				ENABLE_STRICT_OBJC_MSGSEND = YES;
				ENABLE_TESTABILITY = YES;
				GCC_C_LANGUAGE_STANDARD = gnu99;
				GCC_DYNAMIC_NO_PIC = NO;
				GCC_NO_COMMON_BLOCKS = YES;
				GCC_OPTIMIZATION_LEVEL = 0;
				GCC_PREPROCESSOR_DEFINITIONS = (
					"DEBUG=1",
					"$(inherited)",
				);
				GCC_WARN_64_TO_32_BIT_CONVERSION = YES;
				GCC_WARN_ABOUT_RETURN_TYPE = YES_ERROR;
				GCC_WARN_UNDECLARED_SELECTOR = YES;
				GCC_WARN_UNINITIALIZED_AUTOS = YES_AGGRESSIVE;
				GCC_WARN_UNUSED_FUNCTION = YES;
				GCC_WARN_UNUSED_VARIABLE = YES;
				IPHONEOS_DEPLOYMENT_TARGET = 9.1;
				MTL_ENABLE_DEBUG_INFO = YES;
				ONLY_ACTIVE_ARCH = YES;
				SDKROOT = iphoneos;
				SWIFT_OPTIMIZATION_LEVEL = "-Onone";
			};
			name = Debug;
		};
		843399CF1C110802008E90A7 /* Release */ = {
			isa = XCBuildConfiguration;
			buildSettings = {
				ALWAYS_SEARCH_USER_PATHS = NO;
				CLANG_CXX_LANGUAGE_STANDARD = "gnu++0x";
				CLANG_CXX_LIBRARY = "libc++";
				CLANG_ENABLE_MODULES = YES;
				CLANG_ENABLE_OBJC_ARC = YES;
				CLANG_WARN_BOOL_CONVERSION = YES;
				CLANG_WARN_CONSTANT_CONVERSION = YES;
				CLANG_WARN_DIRECT_OBJC_ISA_USAGE = YES_ERROR;
				CLANG_WARN_EMPTY_BODY = YES;
				CLANG_WARN_ENUM_CONVERSION = YES;
				CLANG_WARN_INT_CONVERSION = YES;
				CLANG_WARN_OBJC_ROOT_CLASS = YES_ERROR;
				CLANG_WARN_UNREACHABLE_CODE = YES;
				CLANG_WARN__DUPLICATE_METHOD_MATCH = YES;
				"CODE_SIGN_IDENTITY[sdk=iphoneos*]" = "iPhone Developer";
				COPY_PHASE_STRIP = NO;
				DEBUG_INFORMATION_FORMAT = "dwarf-with-dsym";
				ENABLE_NS_ASSERTIONS = NO;
				ENABLE_STRICT_OBJC_MSGSEND = YES;
				GCC_C_LANGUAGE_STANDARD = gnu99;
				GCC_NO_COMMON_BLOCKS = YES;
				GCC_WARN_64_TO_32_BIT_CONVERSION = YES;
				GCC_WARN_ABOUT_RETURN_TYPE = YES_ERROR;
				GCC_WARN_UNDECLARED_SELECTOR = YES;
				GCC_WARN_UNINITIALIZED_AUTOS = YES_AGGRESSIVE;
				GCC_WARN_UNUSED_FUNCTION = YES;
				GCC_WARN_UNUSED_VARIABLE = YES;
				IPHONEOS_DEPLOYMENT_TARGET = 9.1;
				MTL_ENABLE_DEBUG_INFO = NO;
				SDKROOT = iphoneos;
				VALIDATE_PRODUCT = YES;
			};
			name = Release;
		};
		843399D11C110802008E90A7 /* Debug */ = {
			isa = XCBuildConfiguration;
			buildSettings = {
				ASSETCATALOG_COMPILER_APPICON_NAME = AppIcon;
				INFOPLIST_FILE = "Project4-HackingWithSwift/Info.plist";
				LD_RUNPATH_SEARCH_PATHS = "$(inherited) @executable_path/Frameworks";
				PRODUCT_BUNDLE_IDENTIFIER = "com.prestonwprice.Project4-HackingWithSwift";
				PRODUCT_NAME = "$(TARGET_NAME)";
			};
			name = Debug;
		};
		843399D21C110802008E90A7 /* Release */ = {
			isa = XCBuildConfiguration;
			buildSettings = {
				ASSETCATALOG_COMPILER_APPICON_NAME = AppIcon;
				INFOPLIST_FILE = "Project4-HackingWithSwift/Info.plist";
				LD_RUNPATH_SEARCH_PATHS = "$(inherited) @executable_path/Frameworks";
				PRODUCT_BUNDLE_IDENTIFIER = "com.prestonwprice.Project4-HackingWithSwift";
				PRODUCT_NAME = "$(TARGET_NAME)";
			};
			name = Release;
		};
		843399D41C110802008E90A7 /* Debug */ = {
			isa = XCBuildConfiguration;
			buildSettings = {
				BUNDLE_LOADER = "$(TEST_HOST)";
				INFOPLIST_FILE = "Project4-HackingWithSwiftTests/Info.plist";
				LD_RUNPATH_SEARCH_PATHS = "$(inherited) @executable_path/Frameworks @loader_path/Frameworks";
				PRODUCT_BUNDLE_IDENTIFIER = "com.prestonwprice.Project4-HackingWithSwiftTests";
				PRODUCT_NAME = "$(TARGET_NAME)";
				TEST_HOST = "$(BUILT_PRODUCTS_DIR)/Project4-HackingWithSwift.app/Project4-HackingWithSwift";
			};
			name = Debug;
		};
		843399D51C110802008E90A7 /* Release */ = {
			isa = XCBuildConfiguration;
			buildSettings = {
				BUNDLE_LOADER = "$(TEST_HOST)";
				INFOPLIST_FILE = "Project4-HackingWithSwiftTests/Info.plist";
				LD_RUNPATH_SEARCH_PATHS = "$(inherited) @executable_path/Frameworks @loader_path/Frameworks";
				PRODUCT_BUNDLE_IDENTIFIER = "com.prestonwprice.Project4-HackingWithSwiftTests";
				PRODUCT_NAME = "$(TARGET_NAME)";
				TEST_HOST = "$(BUILT_PRODUCTS_DIR)/Project4-HackingWithSwift.app/Project4-HackingWithSwift";
			};
			name = Release;
		};
		843399D71C110802008E90A7 /* Debug */ = {
			isa = XCBuildConfiguration;
			buildSettings = {
				INFOPLIST_FILE = "Project4-HackingWithSwiftUITests/Info.plist";
				LD_RUNPATH_SEARCH_PATHS = "$(inherited) @executable_path/Frameworks @loader_path/Frameworks";
				PRODUCT_BUNDLE_IDENTIFIER = "com.prestonwprice.Project4-HackingWithSwiftUITests";
				PRODUCT_NAME = "$(TARGET_NAME)";
				TEST_TARGET_NAME = "Project4-HackingWithSwift";
				USES_XCTRUNNER = YES;
			};
			name = Debug;
		};
		843399D81C110802008E90A7 /* Release */ = {
			isa = XCBuildConfiguration;
			buildSettings = {
				INFOPLIST_FILE = "Project4-HackingWithSwiftUITests/Info.plist";
				LD_RUNPATH_SEARCH_PATHS = "$(inherited) @executable_path/Frameworks @loader_path/Frameworks";
				PRODUCT_BUNDLE_IDENTIFIER = "com.prestonwprice.Project4-HackingWithSwiftUITests";
				PRODUCT_NAME = "$(TARGET_NAME)";
				TEST_TARGET_NAME = "Project4-HackingWithSwift";
				USES_XCTRUNNER = YES;
			};
			name = Release;
		};
/* End XCBuildConfiguration section */

/* Begin XCConfigurationList section */
		843399A31C110802008E90A7 /* Build configuration list for PBXProject "Project4-HackingWithSwift" */ = {
			isa = XCConfigurationList;
			buildConfigurations = (
				843399CE1C110802008E90A7 /* Debug */,
				843399CF1C110802008E90A7 /* Release */,
			);
			defaultConfigurationIsVisible = 0;
			defaultConfigurationName = Release;
		};
		843399D01C110802008E90A7 /* Build configuration list for PBXNativeTarget "Project4-HackingWithSwift" */ = {
			isa = XCConfigurationList;
			buildConfigurations = (
				843399D11C110802008E90A7 /* Debug */,
				843399D21C110802008E90A7 /* Release */,
			);
			defaultConfigurationIsVisible = 0;
		};
		843399D31C110802008E90A7 /* Build configuration list for PBXNativeTarget "Project4-HackingWithSwiftTests" */ = {
			isa = XCConfigurationList;
			buildConfigurations = (
				843399D41C110802008E90A7 /* Debug */,
				843399D51C110802008E90A7 /* Release */,
			);
			defaultConfigurationIsVisible = 0;
		};
		843399D61C110802008E90A7 /* Build configuration list for PBXNativeTarget "Project4-HackingWithSwiftUITests" */ = {
			isa = XCConfigurationList;
			buildConfigurations = (
				843399D71C110802008E90A7 /* Debug */,
				843399D81C110802008E90A7 /* Release */,
			);
			defaultConfigurationIsVisible = 0;
		};
/* End XCConfigurationList section */
	};
	rootObject = 843399A01C110802008E90A7 /* Project object */;
}
